
Microsoft Visual Studio Solution File, Format Version 12.00
# Visual Studio Version 17
VisualStudioVersion = 17.0.31903.59
MinimumVisualStudioVersion = 10.0.40219.1
Project("{FAE04EC0-301F-11D3-BF4B-00C04F79EFBC}") = "PropertyManagementApi", "PropertyManagementApi\PropertyManagementApi.csproj", "{F91402D0-9F67-4394-8F68-1BABF31BD735}"
EndProject
Project("{FAE04EC0-301F-11D3-BF4B-00C04F79EFBC}") = "PropertyManagementApi.Tests", "PropertyManagementApi.Tests\PropertyManagementApi.Tests.csproj", "{08A07EF9-29E8-4996-97F2-D19043025CAC}"
EndProject
Global
	GlobalSection(SolutionConfigurationPlatforms) = preSolution
		Debug|Any CPU = Debug|Any CPU
		Release|Any CPU = Release|Any CPU
	EndGlobalSection
	GlobalSection(SolutionProperties) = preSolution
		HideSolutionNode = FALSE
	EndGlobalSection
	GlobalSection(ProjectConfigurationPlatforms) = postSolution
		{F91402D0-9F67-4394-8F68-1BABF31BD735}.Debug|Any CPU.ActiveCfg = Debug|Any CPU
		{F91402D0-9F67-4394-8F68-1BABF31BD735}.Debug|Any CPU.Build.0 = Debug|Any CPU
		{F91402D0-9F67-4394-8F68-1BABF31BD735}.Release|Any CPU.ActiveCfg = Release|Any CPU
		{F91402D0-9F67-4394-8F68-1BABF31BD735}.Release|Any CPU.Build.0 = Release|Any CPU
		{08A07EF9-29E8-4996-97F2-D19043025CAC}.Debug|Any CPU.ActiveCfg = Debug|Any CPU
		{08A07EF9-29E8-4996-97F2-D19043025CAC}.Debug|Any CPU.Build.0 = Debug|Any CPU
		{08A07EF9-29E8-4996-97F2-D19043025CAC}.Release|Any CPU.ActiveCfg = Release|Any CPU
		{08A07EF9-29E8-4996-97F2-D19043025CAC}.Release|Any CPU.Build.0 = Release|Any CPU
	EndGlobalSection
EndGlobal
